
Microsoft Visual Studio Solution File, Format Version 12.00
# Visual Studio Version 17
VisualStudioVersion = 17.8.34408.163
MinimumVisualStudioVersion = 10.0.40219.1
Project("{FAE04EC0-301F-11D3-BF4B-00C04F79EFBC}") = "Mission_11_AbeLamoreaux", "Mission_11_AbeLamoreaux.csproj", "{85C633DE-C9DB-46C7-A32C-FE6DC2900EEB}"
EndProject
Global
	GlobalSection(SolutionConfigurationPlatforms) = preSolution
		Debug|Any CPU = Debug|Any CPU
		Release|Any CPU = Release|Any CPU
	EndGlobalSection
	GlobalSection(ProjectConfigurationPlatforms) = postSolution
		{85C633DE-C9DB-46C7-A32C-FE6DC2900EEB}.Debug|Any CPU.ActiveCfg = Debug|Any CPU
		{85C633DE-C9DB-46C7-A32C-FE6DC2900EEB}.Debug|Any CPU.Build.0 = Debug|Any CPU
		{85C633DE-C9DB-46C7-A32C-FE6DC2900EEB}.Release|Any CPU.ActiveCfg = Release|Any CPU
		{85C633DE-C9DB-46C7-A32C-FE6DC2900EEB}.Release|Any CPU.Build.0 = Release|Any CPU
	EndGlobalSection
	GlobalSection(SolutionProperties) = preSolution
		HideSolutionNode = FALSE
	EndGlobalSection
	GlobalSection(ExtensibilityGlobals) = postSolution
		SolutionGuid = {5909C8A1-B1A5-4C65-8518-D59E8A09CE3A}
	EndGlobalSection
EndGlobal
